
Microsoft Visual Studio Solution File, Format Version 12.00
# Visual Studio 14
VisualStudioVersion = 14.0.25420.1
MinimumVisualStudioVersion = 10.0.40219.1
Project("{FAE04EC0-301F-11D3-BF4B-00C04F79EFBC}") = "ZSZ.Common", "ZSZ.Common\ZSZ.Common.csproj", "{B7D71D19-30BF-4310-A77C-F5E021B8ED24}"
EndProject
Project("{FAE04EC0-301F-11D3-BF4B-00C04F79EFBC}") = "ZSZ.Service", "ZSZ.Service\ZSZ.Service.csproj", "{C1B8F769-EBC5-49BD-8C0C-7542DA364953}"
EndProject
Project("{FAE04EC0-301F-11D3-BF4B-00C04F79EFBC}") = "ZSZIService", "ZSZIService\ZSZIService.csproj", "{5696852B-2AEE-474D-9A33-A7561E5FA3BB}"
EndProject
Project("{FAE04EC0-301F-11D3-BF4B-00C04F79EFBC}") = "ZSZ.DTO", "ZSZ.DTO\ZSZ.DTO.csproj", "{B42EA5CB-80E9-4405-A9B6-BD615CF4E1AF}"
EndProject
Project("{FAE04EC0-301F-11D3-BF4B-00C04F79EFBC}") = "ZSZ.Front.Web", "ZSZ.Front.Web\ZSZ.Front.Web.csproj", "{83D88677-7626-4D3C-A3DA-2CC24727D014}"
EndProject
Project("{FAE04EC0-301F-11D3-BF4B-00C04F79EFBC}") = "ZSZ.Admin.Web", "ZSZ.Admin.Web\ZSZ.Admin.Web.csproj", "{74EF62DE-2BF4-4914-8848-C96AF81FC52D}"
EndProject
Project("{FAE04EC0-301F-11D3-BF4B-00C04F79EFBC}") = "ZSZ.CommonMVC", "ZSZ.CommonMVC\ZSZ.CommonMVC.csproj", "{94899C5D-C18D-4DC0-841D-C64FFD332280}"
EndProject
Project("{2150E333-8FDC-42A3-9474-1A3956D46DE8}") = "Test", "Test", "{F9CC140A-DE9C-4AE2-BAD6-AE1E8711B84E}"
EndProject
Project("{FAE04EC0-301F-11D3-BF4B-00C04F79EFBC}") = "Common.Helper", "Common.Helper\Common.Helper.csproj", "{6652F517-9BE3-4B83-97EE-62B958BA1423}"
EndProject
Project("{FAE04EC0-301F-11D3-BF4B-00C04F79EFBC}") = "ShrinkandWatermark", "ShrinkandWatermark\ShrinkandWatermark.csproj", "{1F67E2BF-EC64-4D6B-9FEC-DD30047D2B27}"
EndProject
Project("{FAE04EC0-301F-11D3-BF4B-00C04F79EFBC}") = "IService", "IService\IService.csproj", "{FDF35545-AF3A-496B-9055-23C56DCC11A8}"
EndProject
Project("{FAE04EC0-301F-11D3-BF4B-00C04F79EFBC}") = "Service", "Service\Service.csproj", "{52587813-087C-4B20-8E80-06018C38A077}"
EndProject
Project("{FAE04EC0-301F-11D3-BF4B-00C04F79EFBC}") = "MvcAndAutoFac", "MvcAndAutoFac\MvcAndAutoFac.csproj", "{816267AF-E53B-49DA-9CB9-386E5CDC2BBE}"
EndProject
Project("{FAE04EC0-301F-11D3-BF4B-00C04F79EFBC}") = "ConsoleApplicationTest", "ConsoleApplicationTest\ConsoleApplicationTest.csproj", "{A8D99335-7537-4933-8BFA-C09B6080D1A7}"
EndProject
Project("{FAE04EC0-301F-11D3-BF4B-00C04F79EFBC}") = "TestDemo", "TestDemo\TestDemo.csproj", "{AD2F435C-A0F7-4077-9AF0-DFF2D04027BF}"
EndProject
Project("{FAE04EC0-301F-11D3-BF4B-00C04F79EFBC}") = "DropDownList", "DropDownList\DropDownList.csproj", "{B0E89795-0430-4619-A6C2-D87AF6C11B6E}"
EndProject
Project("{FAE04EC0-301F-11D3-BF4B-00C04F79EFBC}") = "WebApplication1", "WebApplication1\WebApplication1.csproj", "{9F9C419B-024D-4B54-9437-AE2FD28567C4}"
EndProject
Project("{FAE04EC0-301F-11D3-BF4B-00C04F79EFBC}") = "suo", "suo\suo.csproj", "{0964033E-58D8-4B9E-AFF5-BE3B17577356}"
EndProject
Project("{FAE04EC0-301F-11D3-BF4B-00C04F79EFBC}") = "MenCache", "MenCache\MenCache.csproj", "{779B65B6-2B61-42B8-8878-1CD9E80EBAA0}"
EndProject
Project("{FAE04EC0-301F-11D3-BF4B-00C04F79EFBC}") = "Radis", "Radis\Radis.csproj", "{F19E19F0-957F-4CEA-854A-37E180915D96}"
EndProject
Global
	GlobalSection(SolutionConfigurationPlatforms) = preSolution
		Debug|Any CPU = Debug|Any CPU
		Release|Any CPU = Release|Any CPU
	EndGlobalSection
	GlobalSection(ProjectConfigurationPlatforms) = postSolution
		{B7D71D19-30BF-4310-A77C-F5E021B8ED24}.Debug|Any CPU.ActiveCfg = Debug|Any CPU
		{B7D71D19-30BF-4310-A77C-F5E021B8ED24}.Debug|Any CPU.Build.0 = Debug|Any CPU
		{B7D71D19-30BF-4310-A77C-F5E021B8ED24}.Release|Any CPU.ActiveCfg = Release|Any CPU
		{B7D71D19-30BF-4310-A77C-F5E021B8ED24}.Release|Any CPU.Build.0 = Release|Any CPU
		{C1B8F769-EBC5-49BD-8C0C-7542DA364953}.Debug|Any CPU.ActiveCfg = Debug|Any CPU
		{C1B8F769-EBC5-49BD-8C0C-7542DA364953}.Debug|Any CPU.Build.0 = Debug|Any CPU
		{C1B8F769-EBC5-49BD-8C0C-7542DA364953}.Release|Any CPU.ActiveCfg = Release|Any CPU
		{C1B8F769-EBC5-49BD-8C0C-7542DA364953}.Release|Any CPU.Build.0 = Release|Any CPU
		{5696852B-2AEE-474D-9A33-A7561E5FA3BB}.Debug|Any CPU.ActiveCfg = Debug|Any CPU
		{5696852B-2AEE-474D-9A33-A7561E5FA3BB}.Debug|Any CPU.Build.0 = Debug|Any CPU
		{5696852B-2AEE-474D-9A33-A7561E5FA3BB}.Release|Any CPU.ActiveCfg = Release|Any CPU
		{5696852B-2AEE-474D-9A33-A7561E5FA3BB}.Release|Any CPU.Build.0 = Release|Any CPU
		{B42EA5CB-80E9-4405-A9B6-BD615CF4E1AF}.Debug|Any CPU.ActiveCfg = Debug|Any CPU
		{B42EA5CB-80E9-4405-A9B6-BD615CF4E1AF}.Debug|Any CPU.Build.0 = Debug|Any CPU
		{B42EA5CB-80E9-4405-A9B6-BD615CF4E1AF}.Release|Any CPU.ActiveCfg = Release|Any CPU
		{B42EA5CB-80E9-4405-A9B6-BD615CF4E1AF}.Release|Any CPU.Build.0 = Release|Any CPU
		{83D88677-7626-4D3C-A3DA-2CC24727D014}.Debug|Any CPU.ActiveCfg = Debug|Any CPU
		{83D88677-7626-4D3C-A3DA-2CC24727D014}.Debug|Any CPU.Build.0 = Debug|Any CPU
		{83D88677-7626-4D3C-A3DA-2CC24727D014}.Release|Any CPU.ActiveCfg = Release|Any CPU
		{83D88677-7626-4D3C-A3DA-2CC24727D014}.Release|Any CPU.Build.0 = Release|Any CPU
		{74EF62DE-2BF4-4914-8848-C96AF81FC52D}.Debug|Any CPU.ActiveCfg = Debug|Any CPU
		{74EF62DE-2BF4-4914-8848-C96AF81FC52D}.Debug|Any CPU.Build.0 = Debug|Any CPU
		{74EF62DE-2BF4-4914-8848-C96AF81FC52D}.Release|Any CPU.ActiveCfg = Release|Any CPU
		{74EF62DE-2BF4-4914-8848-C96AF81FC52D}.Release|Any CPU.Build.0 = Release|Any CPU
		{94899C5D-C18D-4DC0-841D-C64FFD332280}.Debug|Any CPU.ActiveCfg = Debug|Any CPU
		{94899C5D-C18D-4DC0-841D-C64FFD332280}.Debug|Any CPU.Build.0 = Debug|Any CPU
		{94899C5D-C18D-4DC0-841D-C64FFD332280}.Release|Any CPU.ActiveCfg = Release|Any CPU
		{94899C5D-C18D-4DC0-841D-C64FFD332280}.Release|Any CPU.Build.0 = Release|Any CPU
		{6652F517-9BE3-4B83-97EE-62B958BA1423}.Debug|Any CPU.ActiveCfg = Debug|Any CPU
		{6652F517-9BE3-4B83-97EE-62B958BA1423}.Debug|Any CPU.Build.0 = Debug|Any CPU
		{6652F517-9BE3-4B83-97EE-62B958BA1423}.Release|Any CPU.ActiveCfg = Release|Any CPU
		{6652F517-9BE3-4B83-97EE-62B958BA1423}.Release|Any CPU.Build.0 = Release|Any CPU
		{1F67E2BF-EC64-4D6B-9FEC-DD30047D2B27}.Debug|Any CPU.ActiveCfg = Debug|Any CPU
		{1F67E2BF-EC64-4D6B-9FEC-DD30047D2B27}.Debug|Any CPU.Build.0 = Debug|Any CPU
		{1F67E2BF-EC64-4D6B-9FEC-DD30047D2B27}.Release|Any CPU.ActiveCfg = Release|Any CPU
		{1F67E2BF-EC64-4D6B-9FEC-DD30047D2B27}.Release|Any CPU.Build.0 = Release|Any CPU
		{FDF35545-AF3A-496B-9055-23C56DCC11A8}.Debug|Any CPU.ActiveCfg = Debug|Any CPU
		{FDF35545-AF3A-496B-9055-23C56DCC11A8}.Debug|Any CPU.Build.0 = Debug|Any CPU
		{FDF35545-AF3A-496B-9055-23C56DCC11A8}.Release|Any CPU.ActiveCfg = Release|Any CPU
		{FDF35545-AF3A-496B-9055-23C56DCC11A8}.Release|Any CPU.Build.0 = Release|Any CPU
		{52587813-087C-4B20-8E80-06018C38A077}.Debug|Any CPU.ActiveCfg = Debug|Any CPU
		{52587813-087C-4B20-8E80-06018C38A077}.Debug|Any CPU.Build.0 = Debug|Any CPU
		{52587813-087C-4B20-8E80-06018C38A077}.Release|Any CPU.ActiveCfg = Release|Any CPU
		{52587813-087C-4B20-8E80-06018C38A077}.Release|Any CPU.Build.0 = Release|Any CPU
		{816267AF-E53B-49DA-9CB9-386E5CDC2BBE}.Debug|Any CPU.ActiveCfg = Debug|Any CPU
		{816267AF-E53B-49DA-9CB9-386E5CDC2BBE}.Debug|Any CPU.Build.0 = Debug|Any CPU
		{816267AF-E53B-49DA-9CB9-386E5CDC2BBE}.Release|Any CPU.ActiveCfg = Release|Any CPU
		{816267AF-E53B-49DA-9CB9-386E5CDC2BBE}.Release|Any CPU.Build.0 = Release|Any CPU
		{A8D99335-7537-4933-8BFA-C09B6080D1A7}.Debug|Any CPU.ActiveCfg = Debug|Any CPU
		{A8D99335-7537-4933-8BFA-C09B6080D1A7}.Debug|Any CPU.Build.0 = Debug|Any CPU
		{A8D99335-7537-4933-8BFA-C09B6080D1A7}.Release|Any CPU.ActiveCfg = Release|Any CPU
		{A8D99335-7537-4933-8BFA-C09B6080D1A7}.Release|Any CPU.Build.0 = Release|Any CPU
		{AD2F435C-A0F7-4077-9AF0-DFF2D04027BF}.Debug|Any CPU.ActiveCfg = Debug|Any CPU
		{AD2F435C-A0F7-4077-9AF0-DFF2D04027BF}.Debug|Any CPU.Build.0 = Debug|Any CPU
		{AD2F435C-A0F7-4077-9AF0-DFF2D04027BF}.Release|Any CPU.ActiveCfg = Release|Any CPU
		{AD2F435C-A0F7-4077-9AF0-DFF2D04027BF}.Release|Any CPU.Build.0 = Release|Any CPU
		{B0E89795-0430-4619-A6C2-D87AF6C11B6E}.Debug|Any CPU.ActiveCfg = Debug|Any CPU
		{B0E89795-0430-4619-A6C2-D87AF6C11B6E}.Debug|Any CPU.Build.0 = Debug|Any CPU
		{B0E89795-0430-4619-A6C2-D87AF6C11B6E}.Release|Any CPU.ActiveCfg = Release|Any CPU
		{B0E89795-0430-4619-A6C2-D87AF6C11B6E}.Release|Any CPU.Build.0 = Release|Any CPU
		{9F9C419B-024D-4B54-9437-AE2FD28567C4}.Debug|Any CPU.ActiveCfg = Debug|Any CPU
		{9F9C419B-024D-4B54-9437-AE2FD28567C4}.Debug|Any CPU.Build.0 = Debug|Any CPU
		{9F9C419B-024D-4B54-9437-AE2FD28567C4}.Release|Any CPU.ActiveCfg = Release|Any CPU
		{9F9C419B-024D-4B54-9437-AE2FD28567C4}.Release|Any CPU.Build.0 = Release|Any CPU
		{0964033E-58D8-4B9E-AFF5-BE3B17577356}.Debug|Any CPU.ActiveCfg = Debug|Any CPU
		{0964033E-58D8-4B9E-AFF5-BE3B17577356}.Debug|Any CPU.Build.0 = Debug|Any CPU
		{0964033E-58D8-4B9E-AFF5-BE3B17577356}.Release|Any CPU.ActiveCfg = Release|Any CPU
		{0964033E-58D8-4B9E-AFF5-BE3B17577356}.Release|Any CPU.Build.0 = Release|Any CPU
		{779B65B6-2B61-42B8-8878-1CD9E80EBAA0}.Debug|Any CPU.ActiveCfg = Debug|Any CPU
		{779B65B6-2B61-42B8-8878-1CD9E80EBAA0}.Debug|Any CPU.Build.0 = Debug|Any CPU
		{779B65B6-2B61-42B8-8878-1CD9E80EBAA0}.Release|Any CPU.ActiveCfg = Release|Any CPU
		{779B65B6-2B61-42B8-8878-1CD9E80EBAA0}.Release|Any CPU.Build.0 = Release|Any CPU
		{F19E19F0-957F-4CEA-854A-37E180915D96}.Debug|Any CPU.ActiveCfg = Debug|Any CPU
		{F19E19F0-957F-4CEA-854A-37E180915D96}.Debug|Any CPU.Build.0 = Debug|Any CPU
		{F19E19F0-957F-4CEA-854A-37E180915D96}.Release|Any CPU.ActiveCfg = Release|Any CPU
		{F19E19F0-957F-4CEA-854A-37E180915D96}.Release|Any CPU.Build.0 = Release|Any CPU
	EndGlobalSection
	GlobalSection(SolutionProperties) = preSolution
		HideSolutionNode = FALSE
	EndGlobalSection
	GlobalSection(NestedProjects) = preSolution
		{6652F517-9BE3-4B83-97EE-62B958BA1423} = {F9CC140A-DE9C-4AE2-BAD6-AE1E8711B84E}
		{1F67E2BF-EC64-4D6B-9FEC-DD30047D2B27} = {F9CC140A-DE9C-4AE2-BAD6-AE1E8711B84E}
		{FDF35545-AF3A-496B-9055-23C56DCC11A8} = {F9CC140A-DE9C-4AE2-BAD6-AE1E8711B84E}
		{52587813-087C-4B20-8E80-06018C38A077} = {F9CC140A-DE9C-4AE2-BAD6-AE1E8711B84E}
		{816267AF-E53B-49DA-9CB9-386E5CDC2BBE} = {F9CC140A-DE9C-4AE2-BAD6-AE1E8711B84E}
		{A8D99335-7537-4933-8BFA-C09B6080D1A7} = {F9CC140A-DE9C-4AE2-BAD6-AE1E8711B84E}
		{AD2F435C-A0F7-4077-9AF0-DFF2D04027BF} = {F9CC140A-DE9C-4AE2-BAD6-AE1E8711B84E}
		{B0E89795-0430-4619-A6C2-D87AF6C11B6E} = {F9CC140A-DE9C-4AE2-BAD6-AE1E8711B84E}
		{9F9C419B-024D-4B54-9437-AE2FD28567C4} = {F9CC140A-DE9C-4AE2-BAD6-AE1E8711B84E}
		{0964033E-58D8-4B9E-AFF5-BE3B17577356} = {F9CC140A-DE9C-4AE2-BAD6-AE1E8711B84E}
		{779B65B6-2B61-42B8-8878-1CD9E80EBAA0} = {F9CC140A-DE9C-4AE2-BAD6-AE1E8711B84E}
		{F19E19F0-957F-4CEA-854A-37E180915D96} = {F9CC140A-DE9C-4AE2-BAD6-AE1E8711B84E}
	EndGlobalSection
EndGlobal
